// !$*UTF8*$!
{
	archiveVersion = 1;
	classes = {
	};
	objectVersion = 50;
	objects = {

/* Begin PBXBuildFile section */
		1CD2A2B12355EB91003D9938 /* AppDelegate.swift in Sources */ = {isa = PBXBuildFile; fileRef = 1CD2A2B02355EB91003D9938 /* AppDelegate.swift */; };
		1CD2A2B32355EB91003D9938 /* SceneDelegate.swift in Sources */ = {isa = PBXBuildFile; fileRef = 1CD2A2B22355EB91003D9938 /* SceneDelegate.swift */; };
		1CD2A2B52355EB91003D9938 /* ViewController.swift in Sources */ = {isa = PBXBuildFile; fileRef = 1CD2A2B42355EB91003D9938 /* ViewController.swift */; };
		1CD2A2B82355EB91003D9938 /* Main.storyboard in Resources */ = {isa = PBXBuildFile; fileRef = 1CD2A2B62355EB91003D9938 /* Main.storyboard */; };
		1CD2A2BA2355EB93003D9938 /* Assets.xcassets in Resources */ = {isa = PBXBuildFile; fileRef = 1CD2A2B92355EB93003D9938 /* Assets.xcassets */; };
		1CD2A2BD2355EB93003D9938 /* LaunchScreen.storyboard in Resources */ = {isa = PBXBuildFile; fileRef = 1CD2A2BB2355EB93003D9938 /* LaunchScreen.storyboard */; };
		1CD2A2C52355EC9F003D9938 /* EmailHelper.swift in Sources */ = {isa = PBXBuildFile; fileRef = 1CD2A2C42355EC9F003D9938 /* EmailHelper.swift */; };
		1CD2A2C72355ECF8003D9938 /* Alert.swift in Sources */ = {isa = PBXBuildFile; fileRef = 1CD2A2C62355ECF8003D9938 /* Alert.swift */; };
/* End PBXBuildFile section */

/* Begin PBXFileReference section */
		1CD2A2AD2355EB91003D9938 /* ErrorHandlingWithEmailVerification.app */ = {isa = PBXFileReference; explicitFileType = wrapper.application; includeInIndex = 0; path = ErrorHandlingWithEmailVerification.app; sourceTree = BUILT_PRODUCTS_DIR; };
		1CD2A2B02355EB91003D9938 /* AppDelegate.swift */ = {isa = PBXFileReference; lastKnownFileType = sourcecode.swift; path = AppDelegate.swift; sourceTree = "<group>"; };
		1CD2A2B22355EB91003D9938 /* SceneDelegate.swift */ = {isa = PBXFileReference; lastKnownFileType = sourcecode.swift; path = SceneDelegate.swift; sourceTree = "<group>"; };
		1CD2A2B42355EB91003D9938 /* ViewController.swift */ = {isa = PBXFileReference; lastKnownFileType = sourcecode.swift; path = ViewController.swift; sourceTree = "<group>"; };
		1CD2A2B72355EB91003D9938 /* Base */ = {isa = PBXFileReference; lastKnownFileType = file.storyboard; name = Base; path = Base.lproj/Main.storyboard; sourceTree = "<group>"; };
		1CD2A2B92355EB93003D9938 /* Assets.xcassets */ = {isa = PBXFileReference; lastKnownFileType = folder.assetcatalog; path = Assets.xcassets; sourceTree = "<group>"; };
		1CD2A2BC2355EB93003D9938 /* Base */ = {isa = PBXFileReference; lastKnownFileType = file.storyboard; name = Base; path = Base.lproj/LaunchScreen.storyboard; sourceTree = "<group>"; };
		1CD2A2BE2355EB93003D9938 /* Info.plist */ = {isa = PBXFileReference; lastKnownFileType = text.plist.xml; path = Info.plist; sourceTree = "<group>"; };
		1CD2A2C42355EC9F003D9938 /* EmailHelper.swift */ = {isa = PBXFileReference; lastKnownFileType = sourcecode.swift; path = EmailHelper.swift; sourceTree = "<group>"; };
		1CD2A2C62355ECF8003D9938 /* Alert.swift */ = {isa = PBXFileReference; lastKnownFileType = sourcecode.swift; path = Alert.swift; sourceTree = "<group>"; };
/* End PBXFileReference section */

/* Begin PBXFrameworksBuildPhase section */
		1CD2A2AA2355EB91003D9938 /* Frameworks */ = {
			isa = PBXFrameworksBuildPhase;
			buildActionMask = 2147483647;
			files = (
			);
			runOnlyForDeploymentPostprocessing = 0;
		};
/* End PBXFrameworksBuildPhase section */

/* Begin PBXGroup section */
		1CD2A2A42355EB90003D9938 = {
			isa = PBXGroup;
			children = (
				1CD2A2AF2355EB91003D9938 /* ErrorHandlingWithEmailVerification */,
				1CD2A2AE2355EB91003D9938 /* Products */,
			);
			sourceTree = "<group>";
		};
		1CD2A2AE2355EB91003D9938 /* Products */ = {
			isa = PBXGroup;
			children = (
				1CD2A2AD2355EB91003D9938 /* ErrorHandlingWithEmailVerification.app */,
			);
			name = Products;
			sourceTree = "<group>";
		};
		1CD2A2AF2355EB91003D9938 /* ErrorHandlingWithEmailVerification */ = {
			isa = PBXGroup;
			children = (
				1CD2A2B02355EB91003D9938 /* AppDelegate.swift */,
				1CD2A2B22355EB91003D9938 /* SceneDelegate.swift */,
				1CD2A2B42355EB91003D9938 /* ViewController.swift */,
				1CD2A2C42355EC9F003D9938 /* EmailHelper.swift */,
				1CD2A2C62355ECF8003D9938 /* Alert.swift */,
				1CD2A2B62355EB91003D9938 /* Main.storyboard */,
				1CD2A2B92355EB93003D9938 /* Assets.xcassets */,
				1CD2A2BB2355EB93003D9938 /* LaunchScreen.storyboard */,
				1CD2A2BE2355EB93003D9938 /* Info.plist */,
			);
			path = ErrorHandlingWithEmailVerification;
			sourceTree = "<group>";
		};
/* End PBXGroup section */

/* Begin PBXNativeTarget section */
		1CD2A2AC2355EB91003D9938 /* ErrorHandlingWithEmailVerification */ = {
			isa = PBXNativeTarget;
			buildConfigurationList = 1CD2A2C12355EB93003D9938 /* Build configuration list for PBXNativeTarget "ErrorHandlingWithEmailVerification" */;
			buildPhases = (
				1CD2A2A92355EB91003D9938 /* Sources */,
				1CD2A2AA2355EB91003D9938 /* Frameworks */,
				1CD2A2AB2355EB91003D9938 /* Resources */,
			);
			buildRules = (
			);
			dependencies = (
			);
			name = ErrorHandlingWithEmailVerification;
			productName = ErrorHandlingWithEmailVerification;
			productReference = 1CD2A2AD2355EB91003D9938 /* ErrorHandlingWithEmailVerification.app */;
			productType = "com.apple.product-type.application";
		};
/* End PBXNativeTarget section */

/* Begin PBXProject section */
		1CD2A2A52355EB90003D9938 /* Project object */ = {
			isa = PBXProject;
			attributes = {
				LastSwiftUpdateCheck = 1100;
				LastUpgradeCheck = 1100;
				ORGANIZATIONNAME = "Abhishek Vasudev";
				TargetAttributes = {
					1CD2A2AC2355EB91003D9938 = {
						CreatedOnToolsVersion = 11.0;
					};
				};
			};
			buildConfigurationList = 1CD2A2A82355EB90003D9938 /* Build configuration list for PBXProject "ErrorHandlingWithEmailVerification" */;
			compatibilityVersion = "Xcode 9.3";
			developmentRegion = en;
			hasScannedForEncodings = 0;
			knownRegions = (
				en,
				Base,
			);
			mainGroup = 1CD2A2A42355EB90003D9938;
			productRefGroup = 1CD2A2AE2355EB91003D9938 /* Products */;
			projectDirPath = "";
			projectRoot = "";
			targets = (
				1CD2A2AC2355EB91003D9938 /* ErrorHandlingWithEmailVerification */,
			);
		};
/* End PBXProject section */

/* Begin PBXResourcesBuildPhase section */
		1CD2A2AB2355EB91003D9938 /* Resources */ = {
			isa = PBXResourcesBuildPhase;
			buildActionMask = 2147483647;
			files = (
				1CD2A2BD2355EB93003D9938 /* LaunchScreen.storyboard in Resources */,
				1CD2A2BA2355EB93003D9938 /* Assets.xcassets in Resources */,
				1CD2A2B82355EB91003D9938 /* Main.storyboard in Resources */,
			);
			runOnlyForDeploymentPostprocessing = 0;
		};
/* End PBXResourcesBuildPhase section */

/* Begin PBXSourcesBuildPhase section */
		1CD2A2A92355EB91003D9938 /* Sources */ = {
			isa = PBXSourcesBuildPhase;
			buildActionMask = 2147483647;
			files = (
				1CD2A2C52355EC9F003D9938 /* EmailHelper.swift in Sources */,
				1CD2A2B52355EB91003D9938 /* ViewController.swift in Sources */,
				1CD2A2B12355EB91003D9938 /* AppDelegate.swift in Sources */,
				1CD2A2C72355ECF8003D9938 /* Alert.swift in Sources */,
				1CD2A2B32355EB91003D9938 /* SceneDelegate.swift in Sources */,
			);
			runOnlyForDeploymentPostprocessing = 0;
		};
/* End PBXSourcesBuildPhase section */

/* Begin PBXVariantGroup section */
		1CD2A2B62355EB91003D9938 /* Main.storyboard */ = {
			isa = PBXVariantGroup;
			children = (
				1CD2A2B72355EB91003D9938 /* Base */,
			);
			name = Main.storyboard;
			sourceTree = "<group>";
		};
		1CD2A2BB2355EB93003D9938 /* LaunchScreen.storyboard */ = {
			isa = PBXVariantGroup;
			children = (
				1CD2A2BC2355EB93003D9938 /* Base */,
			);
			name = LaunchScreen.storyboard;
			sourceTree = "<group>";
		};
/* End PBXVariantGroup section */

/* Begin XCBuildConfiguration section */
		1CD2A2BF2355EB93003D9938 /* Debug */ = {
			isa = XCBuildConfiguration;
			buildSettings = {
				ALWAYS_SEARCH_USER_PATHS = NO;
				CLANG_ANALYZER_NONNULL = YES;
				CLANG_ANALYZER_NUMBER_OBJECT_CONVERSION = YES_AGGRESSIVE;
				CLANG_CXX_LANGUAGE_STANDARD = "gnu++14";
				CLANG_CXX_LIBRARY = "libc++";
				CLANG_ENABLE_MODULES = YES;
				CLANG_ENABLE_OBJC_ARC = YES;
				CLANG_ENABLE_OBJC_WEAK = YES;
				CLANG_WARN_BLOCK_CAPTURE_AUTORELEASING = YES;
				CLANG_WARN_BOOL_CONVERSION = YES;
				CLANG_WARN_COMMA = YES;
				CLANG_WARN_CONSTANT_CONVERSION = YES;
				CLANG_WARN_DEPRECATED_OBJC_IMPLEMENTATIONS = YES;
				CLANG_WARN_DIRECT_OBJC_ISA_USAGE = YES_ERROR;
				CLANG_WARN_DOCUMENTATION_COMMENTS = YES;
				CLANG_WARN_EMPTY_BODY = YES;
				CLANG_WARN_ENUM_CONVERSION = YES;
				CLANG_WARN_INFINITE_RECURSION = YES;
				CLANG_WARN_INT_CONVERSION = YES;
				CLANG_WARN_NON_LITERAL_NULL_CONVERSION = YES;
				CLANG_WARN_OBJC_IMPLICIT_RETAIN_SELF = YES;
				CLANG_WARN_OBJC_LITERAL_CONVERSION = YES;
				CLANG_WARN_OBJC_ROOT_CLASS = YES_ERROR;
				CLANG_WARN_RANGE_LOOP_ANALYSIS = YES;
				CLANG_WARN_STRICT_PROTOTYPES = YES;
				CLANG_WARN_SUSPICIOUS_MOVE = YES;
				CLANG_WARN_UNGUARDED_AVAILABILITY = YES_AGGRESSIVE;
				CLANG_WARN_UNREACHABLE_CODE = YES;
				CLANG_WARN__DUPLICATE_METHOD_MATCH = YES;
				COPY_PHASE_STRIP = NO;
				DEBUG_INFORMATION_FORMAT = dwarf;
				ENABLE_STRICT_OBJC_MSGSEND = YES;
				ENABLE_TESTABILITY = YES;
				GCC_C_LANGUAGE_STANDARD = gnu11;
				GCC_DYNAMIC_NO_PIC = NO;
				GCC_NO_COMMON_BLOCKS = YES;
				GCC_OPTIMIZATION_LEVEL = 0;
				GCC_PREPROCESSOR_DEFINITIONS = (
					"DEBUG=1",
					"$(inherited)",
				);
				GCC_WARN_64_TO_32_BIT_CONVERSION = YES;
				GCC_WARN_ABOUT_RETURN_TYPE = YES_ERROR;
				GCC_WARN_UNDECLARED_SELECTOR = YES;
				GCC_WARN_UNINITIALIZED_AUTOS = YES_AGGRESSIVE;
				GCC_WARN_UNUSED_FUNCTION = YES;
				GCC_WARN_UNUSED_VARIABLE = YES;
				IPHONEOS_DEPLOYMENT_TARGET = 13.0;
				MTL_ENABLE_DEBUG_INFO = INCLUDE_SOURCE;
				MTL_FAST_MATH = YES;
				ONLY_ACTIVE_ARCH = YES;
				SDKROOT = iphoneos;
				SWIFT_ACTIVE_COMPILATION_CONDITIONS = DEBUG;
				SWIFT_OPTIMIZATION_LEVEL = "-Onone";
			};
			name = Debug;
		};
		1CD2A2C02355EB93003D9938 /* Release */ = {
			isa = XCBuildConfiguration;
			buildSettings = {
				ALWAYS_SEARCH_USER_PATHS = NO;
				CLANG_ANALYZER_NONNULL = YES;
				CLANG_ANALYZER_NUMBER_OBJECT_CONVERSION = YES_AGGRESSIVE;
				CLANG_CXX_LANGUAGE_STANDARD = "gnu++14";
				CLANG_CXX_LIBRARY = "libc++";
				CLANG_ENABLE_MODULES = YES;
				CLANG_ENABLE_OBJC_ARC = YES;
				CLANG_ENABLE_OBJC_WEAK = YES;
				CLANG_WARN_BLOCK_CAPTURE_AUTORELEASING = YES;
				CLANG_WARN_BOOL_CONVERSION = YES;
				CLANG_WARN_COMMA = YES;
				CLANG_WARN_CONSTANT_CONVERSION = YES;
				CLANG_WARN_DEPRECATED_OBJC_IMPLEMENTATIONS = YES;
				CLANG_WARN_DIRECT_OBJC_ISA_USAGE = YES_ERROR;
				CLANG_WARN_DOCUMENTATION_COMMENTS = YES;
				CLANG_WARN_EMPTY_BODY = YES;
				CLANG_WARN_ENUM_CONVERSION = YES;
				CLANG_WARN_INFINITE_RECURSION = YES;
				CLANG_WARN_INT_CONVERSION = YES;
				CLANG_WARN_NON_LITERAL_NULL_CONVERSION = YES;
				CLANG_WARN_OBJC_IMPLICIT_RETAIN_SELF = YES;
				CLANG_WARN_OBJC_LITERAL_CONVERSION = YES;
				CLANG_WARN_OBJC_ROOT_CLASS = YES_ERROR;
				CLANG_WARN_RANGE_LOOP_ANALYSIS = YES;
				CLANG_WARN_STRICT_PROTOTYPES = YES;
				CLANG_WARN_SUSPICIOUS_MOVE = YES;
				CLANG_WARN_UNGUARDED_AVAILABILITY = YES_AGGRESSIVE;
				CLANG_WARN_UNREACHABLE_CODE = YES;
				CLANG_WARN__DUPLICATE_METHOD_MATCH = YES;
				COPY_PHASE_STRIP = NO;
				DEBUG_INFORMATION_FORMAT = "dwarf-with-dsym";
				ENABLE_NS_ASSERTIONS = NO;
				ENABLE_STRICT_OBJC_MSGSEND = YES;
				GCC_C_LANGUAGE_STANDARD = gnu11;
				GCC_NO_COMMON_BLOCKS = YES;
				GCC_WARN_64_TO_32_BIT_CONVERSION = YES;
				GCC_WARN_ABOUT_RETURN_TYPE = YES_ERROR;
				GCC_WARN_UNDECLARED_SELECTOR = YES;
				GCC_WARN_UNINITIALIZED_AUTOS = YES_AGGRESSIVE;
				GCC_WARN_UNUSED_FUNCTION = YES;
				GCC_WARN_UNUSED_VARIABLE = YES;
				IPHONEOS_DEPLOYMENT_TARGET = 13.0;
				MTL_ENABLE_DEBUG_INFO = NO;
				MTL_FAST_MATH = YES;
				SDKROOT = iphoneos;
				SWIFT_COMPILATION_MODE = wholemodule;
				SWIFT_OPTIMIZATION_LEVEL = "-O";
				VALIDATE_PRODUCT = YES;
			};
			name = Release;
		};
		1CD2A2C22355EB93003D9938 /* Debug */ = {
			isa = XCBuildConfiguration;
			buildSettings = {
				ASSETCATALOG_COMPILER_APPICON_NAME = AppIcon;
				CODE_SIGN_STYLE = Automatic;
				DEVELOPMENT_TEAM = L9BUY7RK2H;
				INFOPLIST_FILE = ErrorHandlingWithEmailVerification/Info.plist;
				LD_RUNPATH_SEARCH_PATHS = (
					"$(inherited)",
					"@executable_path/Frameworks",
				);
				PRODUCT_BUNDLE_IDENTIFIER = com.abhishekvasudev.ErrorHandlingWithEmailVerification;
				PRODUCT_NAME = "$(TARGET_NAME)";
				SWIFT_VERSION = 5.0;
				TARGETED_DEVICE_FAMILY = "1,2";
			};
			name = Debug;
		};
		1CD2A2C32355EB93003D9938 /* Release */ = {
			isa = XCBuildConfiguration;
			buildSettings = {
				ASSETCATALOG_COMPILER_APPICON_NAME = AppIcon;
				CODE_SIGN_STYLE = Automatic;
				DEVELOPMENT_TEAM = L9BUY7RK2H;
				INFOPLIST_FILE = ErrorHandlingWithEmailVerification/Info.plist;
				LD_RUNPATH_SEARCH_PATHS = (
					"$(inherited)",
					"@executable_path/Frameworks",
				);
				PRODUCT_BUNDLE_IDENTIFIER = com.abhishekvasudev.ErrorHandlingWithEmailVerification;
				PRODUCT_NAME = "$(TARGET_NAME)";
				SWIFT_VERSION = 5.0;
				TARGETED_DEVICE_FAMILY = "1,2";
			};
			name = Release;
		};
/* End XCBuildConfiguration section */

/* Begin XCConfigurationList section */
		1CD2A2A82355EB90003D9938 /* Build configuration list for PBXProject "ErrorHandlingWithEmailVerification" */ = {
			isa = XCConfigurationList;
			buildConfigurations = (
				1CD2A2BF2355EB93003D9938 /* Debug */,
				1CD2A2C02355EB93003D9938 /* Release */,
			);
			defaultConfigurationIsVisible = 0;
			defaultConfigurationName = Release;
		};
		1CD2A2C12355EB93003D9938 /* Build configuration list for PBXNativeTarget "ErrorHandlingWithEmailVerification" */ = {
			isa = XCConfigurationList;
			buildConfigurations = (
				1CD2A2C22355EB93003D9938 /* Debug */,
				1CD2A2C32355EB93003D9938 /* Release */,
			);
			defaultConfigurationIsVisible = 0;
			defaultConfigurationName = Release;
		};
/* End XCConfigurationList section */
	};
	rootObject = 1CD2A2A52355EB90003D9938 /* Project object */;
}
